
Microsoft Visual Studio Solution File, Format Version 12.00
# Visual Studio 15
VisualStudioVersion = 15.0.27428.2005
MinimumVisualStudioVersion = 10.0.40219.1
Project("{8BC9CEB8-8B4A-11D0-8D11-00A0C91BC942}") = "SpayPCsetup", "SpayPCsetup\SpayPCsetup.vcxproj", "{DB30E249-B861-4616-A71E-04284474F550}"
EndProject
Global
	GlobalSection(SolutionConfigurationPlatforms) = preSolution
		Debug|x64 = Debug|x64
		Debug|x86 = Debug|x86
		Release|x64 = Release|x64
		Release|x86 = Release|x86
	EndGlobalSection
	GlobalSection(ProjectConfigurationPlatforms) = postSolution
		{DB30E249-B861-4616-A71E-04284474F550}.Debug|x64.ActiveCfg = Debug|x64
		{DB30E249-B861-4616-A71E-04284474F550}.Debug|x64.Build.0 = Debug|x64
		{DB30E249-B861-4616-A71E-04284474F550}.Debug|x86.ActiveCfg = Debug|Win32
		{DB30E249-B861-4616-A71E-04284474F550}.Debug|x86.Build.0 = Debug|Win32
		{DB30E249-B861-4616-A71E-04284474F550}.Release|x64.ActiveCfg = Release|x64
		{DB30E249-B861-4616-A71E-04284474F550}.Release|x64.Build.0 = Release|x64
		{DB30E249-B861-4616-A71E-04284474F550}.Release|x86.ActiveCfg = Release|Win32
		{DB30E249-B861-4616-A71E-04284474F550}.Release|x86.Build.0 = Release|Win32
	EndGlobalSection
	GlobalSection(SolutionProperties) = preSolution
		HideSolutionNode = FALSE
	EndGlobalSection
	GlobalSection(ExtensibilityGlobals) = postSolution
		SolutionGuid = {59255DAC-5BE1-4834-B07D-216416FEF99E}
	EndGlobalSection
EndGlobal
